
Microsoft Visual Studio Solution File, Format Version 12.00
# Visual Studio Version 17
VisualStudioVersion = 17.13.35931.197 d17.13
MinimumVisualStudioVersion = 10.0.40219.1
Project("{FAE04EC0-301F-11D3-BF4B-00C04F79EFBC}") = "InfinityRagev2", "InfinityRagev2\InfinityRagev2.csproj", "{31ECA583-8219-4016-8148-9CD1467679C3}"
EndProject
Global
	GlobalSection(SolutionConfigurationPlatforms) = preSolution
		Debug|Any CPU = Debug|Any CPU
		Release|Any CPU = Release|Any CPU
	EndGlobalSection
	GlobalSection(ProjectConfigurationPlatforms) = postSolution
		{31ECA583-8219-4016-8148-9CD1467679C3}.Debug|Any CPU.ActiveCfg = Debug|Any CPU
		{31ECA583-8219-4016-8148-9CD1467679C3}.Debug|Any CPU.Build.0 = Debug|Any CPU
		{31ECA583-8219-4016-8148-9CD1467679C3}.Release|Any CPU.ActiveCfg = Release|Any CPU
		{31ECA583-8219-4016-8148-9CD1467679C3}.Release|Any CPU.Build.0 = Release|Any CPU
	EndGlobalSection
	GlobalSection(SolutionProperties) = preSolution
		HideSolutionNode = FALSE
	EndGlobalSection
	GlobalSection(ExtensibilityGlobals) = postSolution
		SolutionGuid = {051B826E-0F35-4515-98DC-8D9642BDAB88}
	EndGlobalSection
EndGlobal
